
Microsoft Visual Studio Solution File, Format Version 12.00
# Visual Studio 15
Project("{FAE04EC0-301F-11D3-BF4B-00C04F79EFBC}") = "IA_EnemyVR", "Assembly-CSharp.csproj", "{209C6918-2063-C875-ABF0-A82C31B382B4}"
EndProject
Project("{FAE04EC0-301F-11D3-BF4B-00C04F79EFBC}") = "IA_EnemyVR", "Assembly-CSharp-Editor.csproj", "{70A4877B-B70C-6E0E-AF61-702B72800352}"
EndProject
Global
	GlobalSection(SolutionConfigurationPlatforms) = preSolution
		Debug|Any CPU = Debug|Any CPU
		Release|Any CPU = Release|Any CPU
	EndGlobalSection
	GlobalSection(ProjectConfigurationPlatforms) = postSolution
		{209C6918-2063-C875-ABF0-A82C31B382B4}.Debug|Any CPU.ActiveCfg = Debug|Any CPU
		{209C6918-2063-C875-ABF0-A82C31B382B4}.Debug|Any CPU.Build.0 = Debug|Any CPU
		{209C6918-2063-C875-ABF0-A82C31B382B4}.Release|Any CPU.ActiveCfg = Release|Any CPU
		{209C6918-2063-C875-ABF0-A82C31B382B4}.Release|Any CPU.Build.0 = Release|Any CPU
		{70A4877B-B70C-6E0E-AF61-702B72800352}.Debug|Any CPU.ActiveCfg = Debug|Any CPU
		{70A4877B-B70C-6E0E-AF61-702B72800352}.Debug|Any CPU.Build.0 = Debug|Any CPU
		{70A4877B-B70C-6E0E-AF61-702B72800352}.Release|Any CPU.ActiveCfg = Release|Any CPU
		{70A4877B-B70C-6E0E-AF61-702B72800352}.Release|Any CPU.Build.0 = Release|Any CPU
	EndGlobalSection
	GlobalSection(SolutionProperties) = preSolution
		HideSolutionNode = FALSE
	EndGlobalSection
EndGlobal
