
Microsoft Visual Studio Solution File, Format Version 12.00
# Visual Studio 15
Project("{FAE04EC0-301F-11D3-BF4B-00C04F79EFBC}") = "AntorchaSkybox", "AntorchaSkybox.csproj", "{227DA372-DF3D-22B4-6B7D-CEA93FBAAD51}"
EndProject
Project("{FAE04EC0-301F-11D3-BF4B-00C04F79EFBC}") = "AntorchaSkybox.Editor", "AntorchaSkybox.Editor.csproj", "{A89193CF-7607-AC07-C2E8-C444BF1C1233}"
EndProject
Global
	GlobalSection(SolutionConfigurationPlatforms) = preSolution
		Debug|Any CPU = Debug|Any CPU
		Release|Any CPU = Release|Any CPU
	EndGlobalSection
	GlobalSection(ProjectConfigurationPlatforms) = postSolution
		{227DA372-DF3D-22B4-6B7D-CEA93FBAAD51}.Debug|Any CPU.ActiveCfg = Debug|Any CPU
		{227DA372-DF3D-22B4-6B7D-CEA93FBAAD51}.Debug|Any CPU.Build.0 = Debug|Any CPU
		{227DA372-DF3D-22B4-6B7D-CEA93FBAAD51}.Release|Any CPU.ActiveCfg = Release|Any CPU
		{227DA372-DF3D-22B4-6B7D-CEA93FBAAD51}.Release|Any CPU.Build.0 = Release|Any CPU
		{A89193CF-7607-AC07-C2E8-C444BF1C1233}.Debug|Any CPU.ActiveCfg = Debug|Any CPU
		{A89193CF-7607-AC07-C2E8-C444BF1C1233}.Debug|Any CPU.Build.0 = Debug|Any CPU
		{A89193CF-7607-AC07-C2E8-C444BF1C1233}.Release|Any CPU.ActiveCfg = Release|Any CPU
		{A89193CF-7607-AC07-C2E8-C444BF1C1233}.Release|Any CPU.Build.0 = Release|Any CPU
	EndGlobalSection
	GlobalSection(SolutionProperties) = preSolution
		HideSolutionNode = FALSE
	EndGlobalSection
EndGlobal
